
Microsoft Visual Studio Solution File, Format Version 12.00
# Visual Studio Version 17
VisualStudioVersion = 17.3.32825.248
MinimumVisualStudioVersion = 10.0.40219.1
Project("{FAE04EC0-301F-11D3-BF4B-00C04F79EFBC}") = "eticket", "eticket.csproj", "{DFA51822-F3D7-4791-B356-9F167B0F1F88}"
EndProject
Global
	GlobalSection(SolutionConfigurationPlatforms) = preSolution
		Debug|Any CPU = Debug|Any CPU
		Release|Any CPU = Release|Any CPU
	EndGlobalSection
	GlobalSection(ProjectConfigurationPlatforms) = postSolution
		{DFA51822-F3D7-4791-B356-9F167B0F1F88}.Debug|Any CPU.ActiveCfg = Debug|Any CPU
		{DFA51822-F3D7-4791-B356-9F167B0F1F88}.Debug|Any CPU.Build.0 = Debug|Any CPU
		{DFA51822-F3D7-4791-B356-9F167B0F1F88}.Release|Any CPU.ActiveCfg = Release|Any CPU
		{DFA51822-F3D7-4791-B356-9F167B0F1F88}.Release|Any CPU.Build.0 = Release|Any CPU
	EndGlobalSection
	GlobalSection(SolutionProperties) = preSolution
		HideSolutionNode = FALSE
	EndGlobalSection
	GlobalSection(ExtensibilityGlobals) = postSolution
		SolutionGuid = {2CC8753F-1DC3-4EC2-9962-E393C76647CE}
	EndGlobalSection
EndGlobal
